
Microsoft Visual Studio Solution File, Format Version 12.00
# Visual Studio Version 17
VisualStudioVersion = 17.11.35327.3
MinimumVisualStudioVersion = 10.0.40219.1
Project("{FAE04EC0-301F-11D3-BF4B-00C04F79EFBC}") = "RM 2", "RM 2\RM 2.csproj", "{8E0F740A-7AC5-4B01-B08E-606157BA8E1F}"
EndProject
Global
	GlobalSection(SolutionConfigurationPlatforms) = preSolution
		Debug|Any CPU = Debug|Any CPU
		Release|Any CPU = Release|Any CPU
	EndGlobalSection
	GlobalSection(ProjectConfigurationPlatforms) = postSolution
		{8E0F740A-7AC5-4B01-B08E-606157BA8E1F}.Debug|Any CPU.ActiveCfg = Debug|Any CPU
		{8E0F740A-7AC5-4B01-B08E-606157BA8E1F}.Debug|Any CPU.Build.0 = Debug|Any CPU
		{8E0F740A-7AC5-4B01-B08E-606157BA8E1F}.Release|Any CPU.ActiveCfg = Release|Any CPU
		{8E0F740A-7AC5-4B01-B08E-606157BA8E1F}.Release|Any CPU.Build.0 = Release|Any CPU
	EndGlobalSection
	GlobalSection(SolutionProperties) = preSolution
		HideSolutionNode = FALSE
	EndGlobalSection
	GlobalSection(ExtensibilityGlobals) = postSolution
		SolutionGuid = {394D05D0-2D99-4BC0-875E-4F62FC629F5B}
	EndGlobalSection
EndGlobal
